
Microsoft Visual Studio Solution File, Format Version 12.00
# Visual Studio Version 17
VisualStudioVersion = 17.3.32922.545
MinimumVisualStudioVersion = 10.0.40219.1
Project("{9A19103F-16F7-4668-BE54-9A1E7A4F7556}") = "CognitoUserPoolCsvGenerator", "CognitoUserPoolCsvGenerator.csproj", "{B7362EED-5580-4D67-8727-9BAB4C6B4D07}"
EndProject
Global
	GlobalSection(SolutionConfigurationPlatforms) = preSolution
		Debug|Any CPU = Debug|Any CPU
		Release|Any CPU = Release|Any CPU
	EndGlobalSection
	GlobalSection(ProjectConfigurationPlatforms) = postSolution
		{B7362EED-5580-4D67-8727-9BAB4C6B4D07}.Debug|Any CPU.ActiveCfg = Debug|Any CPU
		{B7362EED-5580-4D67-8727-9BAB4C6B4D07}.Debug|Any CPU.Build.0 = Debug|Any CPU
		{B7362EED-5580-4D67-8727-9BAB4C6B4D07}.Release|Any CPU.ActiveCfg = Release|Any CPU
		{B7362EED-5580-4D67-8727-9BAB4C6B4D07}.Release|Any CPU.Build.0 = Release|Any CPU
	EndGlobalSection
	GlobalSection(SolutionProperties) = preSolution
		HideSolutionNode = FALSE
	EndGlobalSection
	GlobalSection(ExtensibilityGlobals) = postSolution
		SolutionGuid = {B658D058-69D9-4AC4-B48B-2C60C725B20C}
	EndGlobalSection
EndGlobal
